
Microsoft Visual Studio Solution File, Format Version 12.00
# Visual Studio Version 17
VisualStudioVersion = 17.0.31903.59
MinimumVisualStudioVersion = 10.0.40219.1
Project("{FAE04EC0-301F-11D3-BF4B-00C04F79EFBC}") = "pocketbase.net", "src\pocketbase.net.csproj", "{C2CEEE33-699E-43EF-AFE8-340A62211DA5}"
EndProject
Project("{FAE04EC0-301F-11D3-BF4B-00C04F79EFBC}") = "test", "test\test.csproj", "{09D15C0D-D47C-4C1A-A49E-772C7C6DF292}"
EndProject
Global
	GlobalSection(SolutionConfigurationPlatforms) = preSolution
		Debug|Any CPU = Debug|Any CPU
		Release|Any CPU = Release|Any CPU
	EndGlobalSection
	GlobalSection(SolutionProperties) = preSolution
		HideSolutionNode = FALSE
	EndGlobalSection
	GlobalSection(ProjectConfigurationPlatforms) = postSolution
		{C2CEEE33-699E-43EF-AFE8-340A62211DA5}.Debug|Any CPU.ActiveCfg = Debug|Any CPU
		{C2CEEE33-699E-43EF-AFE8-340A62211DA5}.Debug|Any CPU.Build.0 = Debug|Any CPU
		{C2CEEE33-699E-43EF-AFE8-340A62211DA5}.Release|Any CPU.ActiveCfg = Release|Any CPU
		{C2CEEE33-699E-43EF-AFE8-340A62211DA5}.Release|Any CPU.Build.0 = Release|Any CPU
		{09D15C0D-D47C-4C1A-A49E-772C7C6DF292}.Debug|Any CPU.ActiveCfg = Debug|Any CPU
		{09D15C0D-D47C-4C1A-A49E-772C7C6DF292}.Debug|Any CPU.Build.0 = Debug|Any CPU
		{09D15C0D-D47C-4C1A-A49E-772C7C6DF292}.Release|Any CPU.ActiveCfg = Release|Any CPU
		{09D15C0D-D47C-4C1A-A49E-772C7C6DF292}.Release|Any CPU.Build.0 = Release|Any CPU
	EndGlobalSection
EndGlobal
