
Microsoft Visual Studio Solution File, Format Version 12.00
# Visual Studio Version 17
VisualStudioVersion = 17.4.33213.308
MinimumVisualStudioVersion = 10.0.40219.1
Project("{FAE04EC0-301F-11D3-BF4B-00C04F79EFBC}") = "pocketbase.net", "pocketbase.net\pocketbase.net.csproj", "{1CF007D3-1F32-431C-AA23-02243925CE37}"
EndProject
Project("{FAE04EC0-301F-11D3-BF4B-00C04F79EFBC}") = "uitest", "uitest\uitest.csproj", "{A5F912CF-E1D4-4F84-9CD0-B1D01A5F961C}"
EndProject
Global
	GlobalSection(SolutionConfigurationPlatforms) = preSolution
		Debug|Any CPU = Debug|Any CPU
		Release|Any CPU = Release|Any CPU
	EndGlobalSection
	GlobalSection(ProjectConfigurationPlatforms) = postSolution
		{1CF007D3-1F32-431C-AA23-02243925CE37}.Debug|Any CPU.ActiveCfg = Debug|Any CPU
		{1CF007D3-1F32-431C-AA23-02243925CE37}.Debug|Any CPU.Build.0 = Debug|Any CPU
		{1CF007D3-1F32-431C-AA23-02243925CE37}.Release|Any CPU.ActiveCfg = Release|Any CPU
		{1CF007D3-1F32-431C-AA23-02243925CE37}.Release|Any CPU.Build.0 = Release|Any CPU
		{A5F912CF-E1D4-4F84-9CD0-B1D01A5F961C}.Debug|Any CPU.ActiveCfg = Debug|Any CPU
		{A5F912CF-E1D4-4F84-9CD0-B1D01A5F961C}.Debug|Any CPU.Build.0 = Debug|Any CPU
		{A5F912CF-E1D4-4F84-9CD0-B1D01A5F961C}.Release|Any CPU.ActiveCfg = Release|Any CPU
		{A5F912CF-E1D4-4F84-9CD0-B1D01A5F961C}.Release|Any CPU.Build.0 = Release|Any CPU
	EndGlobalSection
	GlobalSection(SolutionProperties) = preSolution
		HideSolutionNode = FALSE
	EndGlobalSection
	GlobalSection(ExtensibilityGlobals) = postSolution
		SolutionGuid = {A75B734A-130E-4F88-91FB-65D819EC31A8}
	EndGlobalSection
EndGlobal
